[root]
name = "intervaltree"
version = "0.1.0"
dependencies = [
 "smallvec 0.4.4 (registry+https://github.com/rust-lang/crates.io-index)",
]

[[package]]
name = "smallvec"
version = "0.4.4"
source = "registry+https://github.com/rust-lang/crates.io-index"

[metadata]
"checksum smallvec 0.4.4 (registry+https://github.com/rust-lang/crates.io-index)" = "ee4f357e8cd37bf8822e1b964e96fd39e2cb5a0424f8aaa284ccaccc2162411c"
